
Microsoft Visual Studio Solution File, Format Version 12.00
# Visual Studio 15
VisualStudioVersion = 15.0.27130.2027
MinimumVisualStudioVersion = 10.0.40219.1
Project("{2150E333-8FDC-42A3-9474-1A3956D46DE8}") = "src", "src", "{1C706B20-C9D9-40ED-A6A8-5007DF1FD2BA}"
EndProject
Project("{2150E333-8FDC-42A3-9474-1A3956D46DE8}") = "tests", "tests", "{FAB4DED2-2F9C-49E1-9D32-9A057D968FEA}"
EndProject
Project("{9A19103F-16F7-4668-BE54-9A1E7A4F7556}") = "BeatPulse", "src\BeatPulse\BeatPulse.csproj", "{AE4C4A73-69FB-4093-B2B5-7838A1EA870F}"
EndProject
Project("{9A19103F-16F7-4668-BE54-9A1E7A4F7556}") = "UnitTests", "tests\UnitTests\UnitTests.csproj", "{206C8088-D99C-40BF-B04E-CAB9A2D39EF3}"
EndProject
Project("{2150E333-8FDC-42A3-9474-1A3956D46DE8}") = "Solution Items", "Solution Items", "{C914651C-704B-4583-8673-3587E509416B}"
	ProjectSection(SolutionItems) = preProject
		.env = .env
		.gitignore = .gitignore
		build-docker-images.ps1 = build-docker-images.ps1
		build.ps1 = build.ps1
		build\dependencies.props = build\dependencies.props
		docker-compose.yml = docker-compose.yml
		global.json = global.json
	EndProjectSection
EndProject
Project("{2150E333-8FDC-42A3-9474-1A3956D46DE8}") = "samples", "samples", "{7E4ADA32-6E78-4547-9E7A-8A8F7524D738}"
EndProject
Project("{9A19103F-16F7-4668-BE54-9A1E7A4F7556}") = "HttpApi-Basic", "samples\HttpApi-Basic\HttpApi-Basic.csproj", "{0FF38A16-4688-40B5-8308-F87DE85D6BA9}"
EndProject
Project("{9A19103F-16F7-4668-BE54-9A1E7A4F7556}") = "BeatPulse.SqlServer", "src\BeatPulse.SqlServer\BeatPulse.SqlServer.csproj", "{A8BCB5DE-F012-41A3-A7D7-311C1CEA14E4}"
EndProject
Project("{9A19103F-16F7-4668-BE54-9A1E7A4F7556}") = "FunctionalTests", "tests\FunctionalTests\FunctionalTests.csproj", "{EC4C333A-FA30-4414-829B-18906FDDE704}"
EndProject
Project("{9A19103F-16F7-4668-BE54-9A1E7A4F7556}") = "BeatPulse.Redis", "src\BeatPulse.Redis\BeatPulse.Redis.csproj", "{B104A0B5-6166-4F64-A7EA-1B11535A78F2}"
EndProject
Project("{9A19103F-16F7-4668-BE54-9A1E7A4F7556}") = "BeatPulse.NpgSql", "src\BeatPulse.NpgSql\BeatPulse.NpgSql.csproj", "{DAFB2EB8-5645-433A-8555-3C6ED11260C2}"
EndProject
Project("{9A19103F-16F7-4668-BE54-9A1E7A4F7556}") = "BeatPulse.MongoDb", "src\BeatPulse.MongoDb\BeatPulse.MongoDb.csproj", "{86E77F50-5306-42DE-9500-E56F3AD3F69C}"
EndProject
Project("{9A19103F-16F7-4668-BE54-9A1E7A4F7556}") = "BeatPulse.AzureStorage", "src\BeatPulse.AzureStorage\BeatPulse.AzureStorage.csproj", "{924EC204-A2E9-4B74-9AE4-6C7C096BC2D9}"
EndProject
Project("{9A19103F-16F7-4668-BE54-9A1E7A4F7556}") = "BeatPulse.MySql", "src\BeatPulse.MySql\BeatPulse.MySql.csproj", "{868D83D9-8F44-4CC9-890B-435C843BD30D}"
EndProject
Project("{9A19103F-16F7-4668-BE54-9A1E7A4F7556}") = "BeatPulse.DocumentDb", "src\BeatPulse.DocumentDb\BeatPulse.DocumentDb.csproj", "{39858BD2-E9CD-4657-8CC3-14376ABA7D4A}"
EndProject
Project("{9A19103F-16F7-4668-BE54-9A1E7A4F7556}") = "BeatPulse.Sqlite", "src\BeatPulse.Sqlite\BeatPulse.Sqlite.csproj", "{2264CD46-5016-4BD0-958C-4B3BC89A0272}"
EndProject
Project("{9A19103F-16F7-4668-BE54-9A1E7A4F7556}") = "BeatPulse.UI", "src\BeatPulse.UI\BeatPulse.UI.csproj", "{4B711DBB-C014-42D4-8196-3B92C49F6ABF}"
EndProject
Project("{9A19103F-16F7-4668-BE54-9A1E7A4F7556}") = "Http-UI", "samples\Http-UI\Http-UI.csproj", "{998F7CA9-FE29-4261-A294-F304B9023726}"
EndProject
Project("{2150E333-8FDC-42A3-9474-1A3956D46DE8}") = "docker-images", "docker-images", "{E7BEEAE8-1E7B-417E-AF90-207781DACED3}"
EndProject
Project("{9A19103F-16F7-4668-BE54-9A1E7A4F7556}") = "BeatPulseUI-Image", "docker-images\BeatPulseUI-Image\BeatPulseUI-Image.csproj", "{764C5031-2117-4AE1-8921-E58FBC866824}"
EndProject
Project("{9A19103F-16F7-4668-BE54-9A1E7A4F7556}") = "HttpApi-Authentication", "samples\HttpApi-Authentication\HttpApi-Authentication.csproj", "{0F060562-F154-4377-9A5E-F9C1155A7CFB}"
EndProject
Project("{2150E333-8FDC-42A3-9474-1A3956D46DE8}") = "Http-AzureFunctions-WebHook-Samples", "Http-AzureFunctions-WebHook-Samples", "{596E82E1-84B6-4394-B1F5-15EC5F37AEFA}"
EndProject
Project("{2150E333-8FDC-42A3-9474-1A3956D46DE8}") = "Twilio", "Twilio", "{E10B1482-7DB1-4FB1-A66A-D0D891EC3215}"
	ProjectSection(SolutionItems) = preProject
		samples\Http-AzureFunctions-Webhook-Samples\Twilio\functions.json = samples\Http-AzureFunctions-Webhook-Samples\Twilio\functions.json
		samples\Http-AzureFunctions-Webhook-Samples\Twilio\TwilioFunction.csx = samples\Http-AzureFunctions-Webhook-Samples\Twilio\TwilioFunction.csx
	EndProjectSection
EndProject
Project("{2150E333-8FDC-42A3-9474-1A3956D46DE8}") = "Sendgrid", "Sendgrid", "{461E0D85-108F-4187-9820-A34D743D2C18}"
	ProjectSection(SolutionItems) = preProject
		samples\Http-AzureFunctions-Webhook-Samples\Sendgrid\function.json = samples\Http-AzureFunctions-Webhook-Samples\Sendgrid\function.json
		samples\Http-AzureFunctions-Webhook-Samples\Sendgrid\SendgridFunction.csx = samples\Http-AzureFunctions-Webhook-Samples\Sendgrid\SendgridFunction.csx
	EndProjectSection
EndProject
Project("{FAE04EC0-301F-11D3-BF4B-00C04F79EFBC}") = "BeatPulse.AzureServiceBus", "src\BeatPulse.AzureServiceBus\BeatPulse.AzureServiceBus.csproj", "{4DF05C98-CAD1-4D42-85B1-D7D4259294A4}"
EndProject
Project("{9A19103F-16F7-4668-BE54-9A1E7A4F7556}") = "BeatPulse.Kafka", "src\BeatPulse.Kafka\BeatPulse.Kafka.csproj", "{FE524787-608D-4F42-9A3A-EE8579B2881B}"
EndProject
Global
	GlobalSection(SolutionConfigurationPlatforms) = preSolution
		Debug|Any CPU = Debug|Any CPU
		Release|Any CPU = Release|Any CPU
	EndGlobalSection
	GlobalSection(ProjectConfigurationPlatforms) = postSolution
		{AE4C4A73-69FB-4093-B2B5-7838A1EA870F}.Debug|Any CPU.ActiveCfg = Debug|Any CPU
		{AE4C4A73-69FB-4093-B2B5-7838A1EA870F}.Debug|Any CPU.Build.0 = Debug|Any CPU
		{AE4C4A73-69FB-4093-B2B5-7838A1EA870F}.Release|Any CPU.ActiveCfg = Release|Any CPU
		{AE4C4A73-69FB-4093-B2B5-7838A1EA870F}.Release|Any CPU.Build.0 = Release|Any CPU
		{206C8088-D99C-40BF-B04E-CAB9A2D39EF3}.Debug|Any CPU.ActiveCfg = Debug|Any CPU
		{206C8088-D99C-40BF-B04E-CAB9A2D39EF3}.Debug|Any CPU.Build.0 = Debug|Any CPU
		{206C8088-D99C-40BF-B04E-CAB9A2D39EF3}.Release|Any CPU.ActiveCfg = Release|Any CPU
		{206C8088-D99C-40BF-B04E-CAB9A2D39EF3}.Release|Any CPU.Build.0 = Release|Any CPU
		{0FF38A16-4688-40B5-8308-F87DE85D6BA9}.Debug|Any CPU.ActiveCfg = Debug|Any CPU
		{0FF38A16-4688-40B5-8308-F87DE85D6BA9}.Debug|Any CPU.Build.0 = Debug|Any CPU
		{0FF38A16-4688-40B5-8308-F87DE85D6BA9}.Release|Any CPU.ActiveCfg = Release|Any CPU
		{0FF38A16-4688-40B5-8308-F87DE85D6BA9}.Release|Any CPU.Build.0 = Release|Any CPU
		{A8BCB5DE-F012-41A3-A7D7-311C1CEA14E4}.Debug|Any CPU.ActiveCfg = Debug|Any CPU
		{A8BCB5DE-F012-41A3-A7D7-311C1CEA14E4}.Debug|Any CPU.Build.0 = Debug|Any CPU
		{A8BCB5DE-F012-41A3-A7D7-311C1CEA14E4}.Release|Any CPU.ActiveCfg = Release|Any CPU
		{A8BCB5DE-F012-41A3-A7D7-311C1CEA14E4}.Release|Any CPU.Build.0 = Release|Any CPU
		{EC4C333A-FA30-4414-829B-18906FDDE704}.Debug|Any CPU.ActiveCfg = Debug|Any CPU
		{EC4C333A-FA30-4414-829B-18906FDDE704}.Debug|Any CPU.Build.0 = Debug|Any CPU
		{EC4C333A-FA30-4414-829B-18906FDDE704}.Release|Any CPU.ActiveCfg = Release|Any CPU
		{EC4C333A-FA30-4414-829B-18906FDDE704}.Release|Any CPU.Build.0 = Release|Any CPU
		{B104A0B5-6166-4F64-A7EA-1B11535A78F2}.Debug|Any CPU.ActiveCfg = Debug|Any CPU
		{B104A0B5-6166-4F64-A7EA-1B11535A78F2}.Debug|Any CPU.Build.0 = Debug|Any CPU
		{B104A0B5-6166-4F64-A7EA-1B11535A78F2}.Release|Any CPU.ActiveCfg = Release|Any CPU
		{B104A0B5-6166-4F64-A7EA-1B11535A78F2}.Release|Any CPU.Build.0 = Release|Any CPU
		{DAFB2EB8-5645-433A-8555-3C6ED11260C2}.Debug|Any CPU.ActiveCfg = Debug|Any CPU
		{DAFB2EB8-5645-433A-8555-3C6ED11260C2}.Debug|Any CPU.Build.0 = Debug|Any CPU
		{DAFB2EB8-5645-433A-8555-3C6ED11260C2}.Release|Any CPU.ActiveCfg = Release|Any CPU
		{DAFB2EB8-5645-433A-8555-3C6ED11260C2}.Release|Any CPU.Build.0 = Release|Any CPU
		{86E77F50-5306-42DE-9500-E56F3AD3F69C}.Debug|Any CPU.ActiveCfg = Debug|Any CPU
		{86E77F50-5306-42DE-9500-E56F3AD3F69C}.Debug|Any CPU.Build.0 = Debug|Any CPU
		{86E77F50-5306-42DE-9500-E56F3AD3F69C}.Release|Any CPU.ActiveCfg = Release|Any CPU
		{86E77F50-5306-42DE-9500-E56F3AD3F69C}.Release|Any CPU.Build.0 = Release|Any CPU
		{924EC204-A2E9-4B74-9AE4-6C7C096BC2D9}.Debug|Any CPU.ActiveCfg = Debug|Any CPU
		{924EC204-A2E9-4B74-9AE4-6C7C096BC2D9}.Debug|Any CPU.Build.0 = Debug|Any CPU
		{924EC204-A2E9-4B74-9AE4-6C7C096BC2D9}.Release|Any CPU.ActiveCfg = Release|Any CPU
		{924EC204-A2E9-4B74-9AE4-6C7C096BC2D9}.Release|Any CPU.Build.0 = Release|Any CPU
		{868D83D9-8F44-4CC9-890B-435C843BD30D}.Debug|Any CPU.ActiveCfg = Debug|Any CPU
		{868D83D9-8F44-4CC9-890B-435C843BD30D}.Debug|Any CPU.Build.0 = Debug|Any CPU
		{868D83D9-8F44-4CC9-890B-435C843BD30D}.Release|Any CPU.ActiveCfg = Release|Any CPU
		{868D83D9-8F44-4CC9-890B-435C843BD30D}.Release|Any CPU.Build.0 = Release|Any CPU
		{39858BD2-E9CD-4657-8CC3-14376ABA7D4A}.Debug|Any CPU.ActiveCfg = Debug|Any CPU
		{39858BD2-E9CD-4657-8CC3-14376ABA7D4A}.Debug|Any CPU.Build.0 = Debug|Any CPU
		{39858BD2-E9CD-4657-8CC3-14376ABA7D4A}.Release|Any CPU.ActiveCfg = Release|Any CPU
		{39858BD2-E9CD-4657-8CC3-14376ABA7D4A}.Release|Any CPU.Build.0 = Release|Any CPU
		{2264CD46-5016-4BD0-958C-4B3BC89A0272}.Debug|Any CPU.ActiveCfg = Debug|Any CPU
		{2264CD46-5016-4BD0-958C-4B3BC89A0272}.Debug|Any CPU.Build.0 = Debug|Any CPU
		{2264CD46-5016-4BD0-958C-4B3BC89A0272}.Release|Any CPU.ActiveCfg = Release|Any CPU
		{2264CD46-5016-4BD0-958C-4B3BC89A0272}.Release|Any CPU.Build.0 = Release|Any CPU
		{4B711DBB-C014-42D4-8196-3B92C49F6ABF}.Debug|Any CPU.ActiveCfg = Debug|Any CPU
		{4B711DBB-C014-42D4-8196-3B92C49F6ABF}.Debug|Any CPU.Build.0 = Debug|Any CPU
		{4B711DBB-C014-42D4-8196-3B92C49F6ABF}.Release|Any CPU.ActiveCfg = Release|Any CPU
		{4B711DBB-C014-42D4-8196-3B92C49F6ABF}.Release|Any CPU.Build.0 = Release|Any CPU
		{998F7CA9-FE29-4261-A294-F304B9023726}.Debug|Any CPU.ActiveCfg = Debug|Any CPU
		{998F7CA9-FE29-4261-A294-F304B9023726}.Debug|Any CPU.Build.0 = Debug|Any CPU
		{998F7CA9-FE29-4261-A294-F304B9023726}.Release|Any CPU.ActiveCfg = Release|Any CPU
		{998F7CA9-FE29-4261-A294-F304B9023726}.Release|Any CPU.Build.0 = Release|Any CPU
		{764C5031-2117-4AE1-8921-E58FBC866824}.Debug|Any CPU.ActiveCfg = Debug|Any CPU
		{764C5031-2117-4AE1-8921-E58FBC866824}.Debug|Any CPU.Build.0 = Debug|Any CPU
		{764C5031-2117-4AE1-8921-E58FBC866824}.Release|Any CPU.ActiveCfg = Release|Any CPU
		{764C5031-2117-4AE1-8921-E58FBC866824}.Release|Any CPU.Build.0 = Release|Any CPU
		{0F060562-F154-4377-9A5E-F9C1155A7CFB}.Debug|Any CPU.ActiveCfg = Debug|Any CPU
		{0F060562-F154-4377-9A5E-F9C1155A7CFB}.Debug|Any CPU.Build.0 = Debug|Any CPU
		{0F060562-F154-4377-9A5E-F9C1155A7CFB}.Release|Any CPU.ActiveCfg = Release|Any CPU
		{0F060562-F154-4377-9A5E-F9C1155A7CFB}.Release|Any CPU.Build.0 = Release|Any CPU
		{4DF05C98-CAD1-4D42-85B1-D7D4259294A4}.Debug|Any CPU.ActiveCfg = Debug|Any CPU
		{4DF05C98-CAD1-4D42-85B1-D7D4259294A4}.Debug|Any CPU.Build.0 = Debug|Any CPU
		{4DF05C98-CAD1-4D42-85B1-D7D4259294A4}.Release|Any CPU.ActiveCfg = Release|Any CPU
		{4DF05C98-CAD1-4D42-85B1-D7D4259294A4}.Release|Any CPU.Build.0 = Release|Any CPU
		{FE524787-608D-4F42-9A3A-EE8579B2881B}.Debug|Any CPU.ActiveCfg = Debug|Any CPU
		{FE524787-608D-4F42-9A3A-EE8579B2881B}.Debug|Any CPU.Build.0 = Debug|Any CPU
		{FE524787-608D-4F42-9A3A-EE8579B2881B}.Release|Any CPU.ActiveCfg = Release|Any CPU
		{FE524787-608D-4F42-9A3A-EE8579B2881B}.Release|Any CPU.Build.0 = Release|Any CPU
	EndGlobalSection
	GlobalSection(SolutionProperties) = preSolution
		HideSolutionNode = FALSE
	EndGlobalSection
	GlobalSection(NestedProjects) = preSolution
		{AE4C4A73-69FB-4093-B2B5-7838A1EA870F} = {1C706B20-C9D9-40ED-A6A8-5007DF1FD2BA}
		{206C8088-D99C-40BF-B04E-CAB9A2D39EF3} = {FAB4DED2-2F9C-49E1-9D32-9A057D968FEA}
		{0FF38A16-4688-40B5-8308-F87DE85D6BA9} = {7E4ADA32-6E78-4547-9E7A-8A8F7524D738}
		{A8BCB5DE-F012-41A3-A7D7-311C1CEA14E4} = {1C706B20-C9D9-40ED-A6A8-5007DF1FD2BA}
		{EC4C333A-FA30-4414-829B-18906FDDE704} = {FAB4DED2-2F9C-49E1-9D32-9A057D968FEA}
		{B104A0B5-6166-4F64-A7EA-1B11535A78F2} = {1C706B20-C9D9-40ED-A6A8-5007DF1FD2BA}
		{DAFB2EB8-5645-433A-8555-3C6ED11260C2} = {1C706B20-C9D9-40ED-A6A8-5007DF1FD2BA}
		{86E77F50-5306-42DE-9500-E56F3AD3F69C} = {1C706B20-C9D9-40ED-A6A8-5007DF1FD2BA}
		{924EC204-A2E9-4B74-9AE4-6C7C096BC2D9} = {1C706B20-C9D9-40ED-A6A8-5007DF1FD2BA}
		{868D83D9-8F44-4CC9-890B-435C843BD30D} = {1C706B20-C9D9-40ED-A6A8-5007DF1FD2BA}
		{39858BD2-E9CD-4657-8CC3-14376ABA7D4A} = {1C706B20-C9D9-40ED-A6A8-5007DF1FD2BA}
		{2264CD46-5016-4BD0-958C-4B3BC89A0272} = {1C706B20-C9D9-40ED-A6A8-5007DF1FD2BA}
		{4B711DBB-C014-42D4-8196-3B92C49F6ABF} = {1C706B20-C9D9-40ED-A6A8-5007DF1FD2BA}
		{998F7CA9-FE29-4261-A294-F304B9023726} = {7E4ADA32-6E78-4547-9E7A-8A8F7524D738}
		{764C5031-2117-4AE1-8921-E58FBC866824} = {E7BEEAE8-1E7B-417E-AF90-207781DACED3}
		{0F060562-F154-4377-9A5E-F9C1155A7CFB} = {7E4ADA32-6E78-4547-9E7A-8A8F7524D738}
		{596E82E1-84B6-4394-B1F5-15EC5F37AEFA} = {7E4ADA32-6E78-4547-9E7A-8A8F7524D738}
		{E10B1482-7DB1-4FB1-A66A-D0D891EC3215} = {596E82E1-84B6-4394-B1F5-15EC5F37AEFA}
		{461E0D85-108F-4187-9820-A34D743D2C18} = {596E82E1-84B6-4394-B1F5-15EC5F37AEFA}
		{4DF05C98-CAD1-4D42-85B1-D7D4259294A4} = {1C706B20-C9D9-40ED-A6A8-5007DF1FD2BA}
		{FE524787-608D-4F42-9A3A-EE8579B2881B} = {1C706B20-C9D9-40ED-A6A8-5007DF1FD2BA}
	EndGlobalSection
	GlobalSection(ExtensibilityGlobals) = postSolution
		SolutionGuid = {9B397864-402E-48A9-A8DC-0B98151CA4BE}
	EndGlobalSection
EndGlobal
